
Microsoft Visual Studio Solution File, Format Version 12.00
# Visual Studio Version 17
VisualStudioVersion = 17.7.34031.279
MinimumVisualStudioVersion = 10.0.40219.1
Project("{9A19103F-16F7-4668-BE54-9A1E7A4F7556}") = "RobotIA", "RobotIA\RobotIA.csproj", "{C6167AE3-4D34-4A6E-8F82-9D5C6DE577CB}"
EndProject
Global
	GlobalSection(SolutionConfigurationPlatforms) = preSolution
		Debug|Any CPU = Debug|Any CPU
		Release|Any CPU = Release|Any CPU
	EndGlobalSection
	GlobalSection(ProjectConfigurationPlatforms) = postSolution
		{C6167AE3-4D34-4A6E-8F82-9D5C6DE577CB}.Debug|Any CPU.ActiveCfg = Debug|Any CPU
		{C6167AE3-4D34-4A6E-8F82-9D5C6DE577CB}.Debug|Any CPU.Build.0 = Debug|Any CPU
		{C6167AE3-4D34-4A6E-8F82-9D5C6DE577CB}.Release|Any CPU.ActiveCfg = Release|Any CPU
		{C6167AE3-4D34-4A6E-8F82-9D5C6DE577CB}.Release|Any CPU.Build.0 = Release|Any CPU
	EndGlobalSection
	GlobalSection(SolutionProperties) = preSolution
		HideSolutionNode = FALSE
	EndGlobalSection
	GlobalSection(ExtensibilityGlobals) = postSolution
		SolutionGuid = {3247406D-21F4-4F5B-A171-31D5B8BDE008}
	EndGlobalSection
EndGlobal
